{
  "name": "airsecure",
  "lockfileVersion": 3,
  "requires": true,
  "packages": {
    "": {
      "dependencies": {
        "termcolor": "^0.2.0"
      }
    },
    "node_modules/termcolor": {
      "version": "0.2.0",
      "resolved": "https://registry.npmjs.org/termcolor/-/termcolor-0.2.0.tgz",
      "integrity": "sha512-BJ/FFGl0cQAyYYmUurkqQUJA9RyD2PFt9YNd24nlt7HkeuZqUmHL86ELvaY6JY/TLUvmxzJY9/fHHk3jFibUSg==",
      "engines": {
        "node": "*"
      }
    }
  }
}
